
Microsoft Visual Studio Solution File, Format Version 12.00
# Visual Studio Version 17
VisualStudioVersion = 17.5.002.0
MinimumVisualStudioVersion = 10.0.40219.1
Project("{9A19103F-16F7-4668-BE54-9A1E7A4F7556}") = "Hotelaria", "Hotelaria\Hotelaria.csproj", "{542C1D66-D01A-4481-BBBE-963281B39A13}"
EndProject
Global
	GlobalSection(SolutionConfigurationPlatforms) = preSolution
		Debug|Any CPU = Debug|Any CPU
		Release|Any CPU = Release|Any CPU
	EndGlobalSection
	GlobalSection(ProjectConfigurationPlatforms) = postSolution
		{542C1D66-D01A-4481-BBBE-963281B39A13}.Debug|Any CPU.ActiveCfg = Debug|Any CPU
		{542C1D66-D01A-4481-BBBE-963281B39A13}.Debug|Any CPU.Build.0 = Debug|Any CPU
		{542C1D66-D01A-4481-BBBE-963281B39A13}.Release|Any CPU.ActiveCfg = Release|Any CPU
		{542C1D66-D01A-4481-BBBE-963281B39A13}.Release|Any CPU.Build.0 = Release|Any CPU
	EndGlobalSection
	GlobalSection(SolutionProperties) = preSolution
		HideSolutionNode = FALSE
	EndGlobalSection
	GlobalSection(ExtensibilityGlobals) = postSolution
		SolutionGuid = {34AD7ABC-9F76-4352-94A6-0868BE00B673}
	EndGlobalSection
EndGlobal
