
Microsoft Visual Studio Solution File, Format Version 12.00
# Visual Studio Version 17
VisualStudioVersion = 17.5.002.0
MinimumVisualStudioVersion = 10.0.40219.1
Project("{9A19103F-16F7-4668-BE54-9A1E7A4F7556}") = "Agenda-de-Tarefas", "Agenda-de-Tarefas.csproj", "{C9F39FB2-7E4D-43A8-84F7-1F68E3F22008}"
EndProject
Global
	GlobalSection(SolutionConfigurationPlatforms) = preSolution
		Debug|Any CPU = Debug|Any CPU
		Release|Any CPU = Release|Any CPU
	EndGlobalSection
	GlobalSection(ProjectConfigurationPlatforms) = postSolution
		{C9F39FB2-7E4D-43A8-84F7-1F68E3F22008}.Debug|Any CPU.ActiveCfg = Debug|Any CPU
		{C9F39FB2-7E4D-43A8-84F7-1F68E3F22008}.Debug|Any CPU.Build.0 = Debug|Any CPU
		{C9F39FB2-7E4D-43A8-84F7-1F68E3F22008}.Release|Any CPU.ActiveCfg = Release|Any CPU
		{C9F39FB2-7E4D-43A8-84F7-1F68E3F22008}.Release|Any CPU.Build.0 = Release|Any CPU
	EndGlobalSection
	GlobalSection(SolutionProperties) = preSolution
		HideSolutionNode = FALSE
	EndGlobalSection
	GlobalSection(ExtensibilityGlobals) = postSolution
		SolutionGuid = {6FBEE194-F269-496B-AFB5-DD66007ED3B9}
	EndGlobalSection
EndGlobal
